
Microsoft Visual Studio Solution File, Format Version 12.00
# Visual Studio Version 16
VisualStudioVersion = 25.0.1700.0
MinimumVisualStudioVersion = 10.0.40219.1
Project("{FAE04EC0-301F-11D3-BF4B-00C04F79EFBC}") = "PokemonAPI", "PokemonAPI.csproj", "{4230999D-404F-4744-BB13-3BDD532AEAF9}"
EndProject
Global
	GlobalSection(SolutionConfigurationPlatforms) = preSolution
		Debug|Any CPU = Debug|Any CPU
		Release|Any CPU = Release|Any CPU
	EndGlobalSection
	GlobalSection(ProjectConfigurationPlatforms) = postSolution
		{4230999D-404F-4744-BB13-3BDD532AEAF9}.Debug|Any CPU.ActiveCfg = Debug|Any CPU
		{4230999D-404F-4744-BB13-3BDD532AEAF9}.Debug|Any CPU.Build.0 = Debug|Any CPU
		{4230999D-404F-4744-BB13-3BDD532AEAF9}.Release|Any CPU.ActiveCfg = Release|Any CPU
		{4230999D-404F-4744-BB13-3BDD532AEAF9}.Release|Any CPU.Build.0 = Release|Any CPU
	EndGlobalSection
	GlobalSection(SolutionProperties) = preSolution
		HideSolutionNode = FALSE
	EndGlobalSection
	GlobalSection(ExtensibilityGlobals) = postSolution
		SolutionGuid = {FF7AE0C8-6D93-4B23-A74A-A372AC5E8C07}
	EndGlobalSection
EndGlobal
